
Microsoft Visual Studio Solution File, Format Version 12.00
# Visual Studio 15
VisualStudioVersion = 15.0.28307.1062
MinimumVisualStudioVersion = 10.0.40219.1
Project("{8BC9CEB8-8B4A-11D0-8D11-00A0C91BC942}") = "Project6", "Project6\Project6.vcxproj", "{80693701-674C-474F-9C59-DA8C7569BC5B}"
EndProject
Global
	GlobalSection(SolutionConfigurationPlatforms) = preSolution
		Debug|x64 = Debug|x64
		Debug|x86 = Debug|x86
		Release|x64 = Release|x64
		Release|x86 = Release|x86
	EndGlobalSection
	GlobalSection(ProjectConfigurationPlatforms) = postSolution
		{80693701-674C-474F-9C59-DA8C7569BC5B}.Debug|x64.ActiveCfg = Debug|x64
		{80693701-674C-474F-9C59-DA8C7569BC5B}.Debug|x64.Build.0 = Debug|x64
		{80693701-674C-474F-9C59-DA8C7569BC5B}.Debug|x86.ActiveCfg = Debug|Win32
		{80693701-674C-474F-9C59-DA8C7569BC5B}.Debug|x86.Build.0 = Debug|Win32
		{80693701-674C-474F-9C59-DA8C7569BC5B}.Release|x64.ActiveCfg = Release|x64
		{80693701-674C-474F-9C59-DA8C7569BC5B}.Release|x64.Build.0 = Release|x64
		{80693701-674C-474F-9C59-DA8C7569BC5B}.Release|x86.ActiveCfg = Release|Win32
		{80693701-674C-474F-9C59-DA8C7569BC5B}.Release|x86.Build.0 = Release|Win32
	EndGlobalSection
	GlobalSection(SolutionProperties) = preSolution
		HideSolutionNode = FALSE
	EndGlobalSection
	GlobalSection(ExtensibilityGlobals) = postSolution
		SolutionGuid = {035DD1F6-F6AA-45C9-BA9A-48FECADDD988}
	EndGlobalSection
EndGlobal
